
Microsoft Visual Studio Solution File, Format Version 12.00
# Visual Studio Version 17
VisualStudioVersion = 17.1.32210.238
MinimumVisualStudioVersion = 10.0.40219.1
Project("{8BC9CEB8-8B4A-11D0-8D11-00A0C91BC942}") = "ToDoList-V1", "ToDoList-V1\ToDoList-V1.vcxproj", "{5DCBDAE2-CAD9-4E76-8900-8498CB36436A}"
EndProject
Global
	GlobalSection(SolutionConfigurationPlatforms) = preSolution
		Debug|x64 = Debug|x64
		Debug|x86 = Debug|x86
		Release|x64 = Release|x64
		Release|x86 = Release|x86
	EndGlobalSection
	GlobalSection(ProjectConfigurationPlatforms) = postSolution
		{5DCBDAE2-CAD9-4E76-8900-8498CB36436A}.Debug|x64.ActiveCfg = Debug|x64
		{5DCBDAE2-CAD9-4E76-8900-8498CB36436A}.Debug|x64.Build.0 = Debug|x64
		{5DCBDAE2-CAD9-4E76-8900-8498CB36436A}.Debug|x86.ActiveCfg = Debug|Win32
		{5DCBDAE2-CAD9-4E76-8900-8498CB36436A}.Debug|x86.Build.0 = Debug|Win32
		{5DCBDAE2-CAD9-4E76-8900-8498CB36436A}.Release|x64.ActiveCfg = Release|x64
		{5DCBDAE2-CAD9-4E76-8900-8498CB36436A}.Release|x64.Build.0 = Release|x64
		{5DCBDAE2-CAD9-4E76-8900-8498CB36436A}.Release|x86.ActiveCfg = Release|Win32
		{5DCBDAE2-CAD9-4E76-8900-8498CB36436A}.Release|x86.Build.0 = Release|Win32
	EndGlobalSection
	GlobalSection(SolutionProperties) = preSolution
		HideSolutionNode = FALSE
	EndGlobalSection
	GlobalSection(ExtensibilityGlobals) = postSolution
		SolutionGuid = {725B207D-3296-4924-A188-74EF95DECCA3}
	EndGlobalSection
EndGlobal
